{
  "contract_version": "1.0.0",
  "files": {
    "v1/scopes.json": "sha256:af594f1b609a8f28faa7db323458b11b27d5ca8a925b4fb502d99d50b7e1b7d9",
    "v1/errors.json": "sha256:30b6ce9eb00c2a6ac9a29ce2ec5c8f07cc9fbbe8c7cc3cbe31e976ac7c59b82d",
    "v1/capabilities.json": "sha256:83db75d1952e35f8245e4df19f78390bb72353b641122ea61d09beeeb0e72f38"
  },
  "contract_digest": "sha256:e796d217a590c09b79f02623bf63b49af1601aead569d4dc99230cdb03bf30fb"
}
