{
  "contract_version": "1.0.0",
  "files": {
    "v1/scopes.json": "sha256:50f37019fe6438340fa853359025dfd2e37581391596e8d0049c278d4fb3113f",
    "v1/errors.json": "sha256:30b6ce9eb00c2a6ac9a29ce2ec5c8f07cc9fbbe8c7cc3cbe31e976ac7c59b82d",
    "v1/capabilities.json": "sha256:e92381e8a885a2f9512f5e724024309eb9018b4ed6c48f4d86be08d77029bb48"
  },
  "contract_digest": "sha256:287e9d3f795ed51b05fb387ddf63162ee9f69db0507c7c504d6b0657f7200cce"
}
