{
  "contract_version": "1.0.0",
  "files": {
    "v1/scopes.json": "sha256:af594f1b609a8f28faa7db323458b11b27d5ca8a925b4fb502d99d50b7e1b7d9",
    "v1/errors.json": "sha256:30b6ce9eb00c2a6ac9a29ce2ec5c8f07cc9fbbe8c7cc3cbe31e976ac7c59b82d",
    "v1/capabilities.json": "sha256:3037ada3f45501f7991ed05c819fe4c8a170fb71315b16b529f97368342f4cb7"
  },
  "contract_digest": "sha256:c1896a59b0a4fc21433a15ce1482532514ecc3d1ca462acbda3400f7833fc812"
}
